
Microsoft Visual Studio Solution File, Format Version 12.00
# Visual Studio 14
VisualStudioVersion = 14.0.25420.1
MinimumVisualStudioVersion = 10.0.40219.1
Project("{FAE04EC0-301F-11D3-BF4B-00C04F79EFBC}") = "Cleffa", "Cleffa\Cleffa.csproj", "{36EFD873-F3F6-468F-872E-38A96DCAACB9}"
EndProject
Project("{8BC9CEB8-8B4A-11D0-8D11-00A0C91BC942}") = "Clefable", "Clefable\Clefable.vcxproj", "{8FBABB5E-2DF9-4F17-A9A1-4469E3D31A84}"
EndProject
Project("{FAE04EC0-301F-11D3-BF4B-00C04F79EFBC}") = "testClefable", "testClefable\testClefable.csproj", "{E2416DF8-CA15-4BFD-8C60-3049F9D7EAFB}"
EndProject
Global
	GlobalSection(SolutionConfigurationPlatforms) = preSolution
		Debug|Any CPU = Debug|Any CPU
		Debug|ARM = Debug|ARM
		Debug|x64 = Debug|x64
		Debug|x86 = Debug|x86
		Release|Any CPU = Release|Any CPU
		Release|ARM = Release|ARM
		Release|x64 = Release|x64
		Release|x86 = Release|x86
	EndGlobalSection
	GlobalSection(ProjectConfigurationPlatforms) = postSolution
		{36EFD873-F3F6-468F-872E-38A96DCAACB9}.Debug|Any CPU.ActiveCfg = Debug|Any CPU
		{36EFD873-F3F6-468F-872E-38A96DCAACB9}.Debug|Any CPU.Build.0 = Debug|Any CPU
		{36EFD873-F3F6-468F-872E-38A96DCAACB9}.Debug|ARM.ActiveCfg = Debug|Any CPU
		{36EFD873-F3F6-468F-872E-38A96DCAACB9}.Debug|ARM.Build.0 = Debug|Any CPU
		{36EFD873-F3F6-468F-872E-38A96DCAACB9}.Debug|x64.ActiveCfg = Debug|x64
		{36EFD873-F3F6-468F-872E-38A96DCAACB9}.Debug|x64.Build.0 = Debug|x64
		{36EFD873-F3F6-468F-872E-38A96DCAACB9}.Debug|x86.ActiveCfg = Debug|Any CPU
		{36EFD873-F3F6-468F-872E-38A96DCAACB9}.Debug|x86.Build.0 = Debug|Any CPU
		{36EFD873-F3F6-468F-872E-38A96DCAACB9}.Release|Any CPU.ActiveCfg = Release|Any CPU
		{36EFD873-F3F6-468F-872E-38A96DCAACB9}.Release|Any CPU.Build.0 = Release|Any CPU
		{36EFD873-F3F6-468F-872E-38A96DCAACB9}.Release|ARM.ActiveCfg = Release|Any CPU
		{36EFD873-F3F6-468F-872E-38A96DCAACB9}.Release|ARM.Build.0 = Release|Any CPU
		{36EFD873-F3F6-468F-872E-38A96DCAACB9}.Release|x64.ActiveCfg = Release|x64
		{36EFD873-F3F6-468F-872E-38A96DCAACB9}.Release|x64.Build.0 = Release|x64
		{36EFD873-F3F6-468F-872E-38A96DCAACB9}.Release|x86.ActiveCfg = Release|Any CPU
		{36EFD873-F3F6-468F-872E-38A96DCAACB9}.Release|x86.Build.0 = Release|Any CPU
		{8FBABB5E-2DF9-4F17-A9A1-4469E3D31A84}.Debug|Any CPU.ActiveCfg = Debug|Win32
		{8FBABB5E-2DF9-4F17-A9A1-4469E3D31A84}.Debug|ARM.ActiveCfg = Debug|ARM
		{8FBABB5E-2DF9-4F17-A9A1-4469E3D31A84}.Debug|ARM.Build.0 = Debug|ARM
		{8FBABB5E-2DF9-4F17-A9A1-4469E3D31A84}.Debug|x64.ActiveCfg = Debug|x64
		{8FBABB5E-2DF9-4F17-A9A1-4469E3D31A84}.Debug|x64.Build.0 = Debug|x64
		{8FBABB5E-2DF9-4F17-A9A1-4469E3D31A84}.Debug|x86.ActiveCfg = Debug|Win32
		{8FBABB5E-2DF9-4F17-A9A1-4469E3D31A84}.Debug|x86.Build.0 = Debug|Win32
		{8FBABB5E-2DF9-4F17-A9A1-4469E3D31A84}.Release|Any CPU.ActiveCfg = Release|Win32
		{8FBABB5E-2DF9-4F17-A9A1-4469E3D31A84}.Release|ARM.ActiveCfg = Release|ARM
		{8FBABB5E-2DF9-4F17-A9A1-4469E3D31A84}.Release|ARM.Build.0 = Release|ARM
		{8FBABB5E-2DF9-4F17-A9A1-4469E3D31A84}.Release|x64.ActiveCfg = Release|x64
		{8FBABB5E-2DF9-4F17-A9A1-4469E3D31A84}.Release|x64.Build.0 = Release|x64
		{8FBABB5E-2DF9-4F17-A9A1-4469E3D31A84}.Release|x86.ActiveCfg = Release|Win32
		{8FBABB5E-2DF9-4F17-A9A1-4469E3D31A84}.Release|x86.Build.0 = Release|Win32
		{E2416DF8-CA15-4BFD-8C60-3049F9D7EAFB}.Debug|Any CPU.ActiveCfg = Debug|x86
		{E2416DF8-CA15-4BFD-8C60-3049F9D7EAFB}.Debug|ARM.ActiveCfg = Debug|ARM
		{E2416DF8-CA15-4BFD-8C60-3049F9D7EAFB}.Debug|ARM.Build.0 = Debug|ARM
		{E2416DF8-CA15-4BFD-8C60-3049F9D7EAFB}.Debug|ARM.Deploy.0 = Debug|ARM
		{E2416DF8-CA15-4BFD-8C60-3049F9D7EAFB}.Debug|x64.ActiveCfg = Debug|x64
		{E2416DF8-CA15-4BFD-8C60-3049F9D7EAFB}.Debug|x64.Build.0 = Debug|x64
		{E2416DF8-CA15-4BFD-8C60-3049F9D7EAFB}.Debug|x64.Deploy.0 = Debug|x64
		{E2416DF8-CA15-4BFD-8C60-3049F9D7EAFB}.Debug|x86.ActiveCfg = Debug|x86
		{E2416DF8-CA15-4BFD-8C60-3049F9D7EAFB}.Debug|x86.Build.0 = Debug|x86
		{E2416DF8-CA15-4BFD-8C60-3049F9D7EAFB}.Debug|x86.Deploy.0 = Debug|x86
		{E2416DF8-CA15-4BFD-8C60-3049F9D7EAFB}.Release|Any CPU.ActiveCfg = Release|x86
		{E2416DF8-CA15-4BFD-8C60-3049F9D7EAFB}.Release|ARM.ActiveCfg = Release|ARM
		{E2416DF8-CA15-4BFD-8C60-3049F9D7EAFB}.Release|ARM.Build.0 = Release|ARM
		{E2416DF8-CA15-4BFD-8C60-3049F9D7EAFB}.Release|ARM.Deploy.0 = Release|ARM
		{E2416DF8-CA15-4BFD-8C60-3049F9D7EAFB}.Release|x64.ActiveCfg = Release|x64
		{E2416DF8-CA15-4BFD-8C60-3049F9D7EAFB}.Release|x64.Build.0 = Release|x64
		{E2416DF8-CA15-4BFD-8C60-3049F9D7EAFB}.Release|x64.Deploy.0 = Release|x64
		{E2416DF8-CA15-4BFD-8C60-3049F9D7EAFB}.Release|x86.ActiveCfg = Release|x86
		{E2416DF8-CA15-4BFD-8C60-3049F9D7EAFB}.Release|x86.Build.0 = Release|x86
		{E2416DF8-CA15-4BFD-8C60-3049F9D7EAFB}.Release|x86.Deploy.0 = Release|x86
	EndGlobalSection
	GlobalSection(SolutionProperties) = preSolution
		HideSolutionNode = FALSE
	EndGlobalSection
EndGlobal
