<?xml version="1.0" encoding="utf-8"?>
<Project ToolsVersion="14.0" xmlns="http://schemas.microsoft.com/developer/msbuild/2003">
  <ItemGroup>
    <Filter Include="Resources">
      <UniqueIdentifier>6dcc5290-7ea1-42b3-8bf3-d83aeb39655d</UniqueIdentifier>
      <Extensions>rc;ico;cur;bmp;dlg;rc2;rct;bin;rgs;gif;jpg;jpeg;jpe;resx;tga;tiff;tif;png;wav;mfcribbon-ms</Extensions>
    </Filter>
  </ItemGroup>
  <ItemGroup>
    <ClCompile Include="pch.cpp" />
    <ClCompile Include="barcodeFilter.cpp" />
  </ItemGroup>
  <ItemGroup>
    <ClInclude Include="pch.h" />
    <ClInclude Include="barcodeFilter.h" />
  </ItemGroup>
  <ItemGroup>
    <None Include="..\..\..\Data\opencvms\vs2015\WS\10.0\x64\bin\Release\opencv_calib3d300.dll" />
    <None Include="..\..\..\Data\opencvms\vs2015\WS\10.0\x64\bin\Release\opencv_core300.dll" />
    <None Include="..\..\..\Data\opencvms\vs2015\WS\10.0\x64\bin\Release\opencv_features2d300.dll" />
    <None Include="..\..\..\Data\opencvms\vs2015\WS\10.0\x64\bin\Release\opencv_flann300.dll" />
    <None Include="..\..\..\Data\opencvms\vs2015\WS\10.0\x64\bin\Release\opencv_imgcodecs300.dll" />
    <None Include="..\..\..\Data\opencvms\vs2015\WS\10.0\x64\bin\Release\opencv_imgproc300.dll" />
    <None Include="..\..\..\Data\opencvms\vs2015\WS\10.0\x64\bin\Release\opencv_ml300.dll" />
    <None Include="..\..\..\Data\opencvms\vs2015\WS\10.0\x64\bin\Release\opencv_objdetect300.dll" />
    <None Include="..\..\..\Data\opencvms\vs2015\WS\10.0\x64\bin\Release\opencv_photo300.dll" />
    <None Include="..\..\..\Data\opencvms\vs2015\WS\10.0\x64\bin\Release\opencv_shape300.dll" />
    <None Include="..\..\..\Data\opencvms\vs2015\WS\10.0\x64\bin\Release\opencv_stitching300.dll" />
    <None Include="..\..\..\Data\opencvms\vs2015\WS\10.0\x64\bin\Release\opencv_video300.dll" />
    <None Include="..\..\..\Data\opencvms\vs2015\WS\10.0\x64\bin\Release\opencv_videoio300.dll" />
    <None Include="..\..\..\Data\opencvms\vs2015\WS\10.0\x64\bin\Release\opencv_videostab300.dll" />
    <None Include="..\..\..\Data\opencvms\vs2015\WS\10.0\x64\bin\Release\opencv_winrt.dll" />
  </ItemGroup>
</Project>